// !$*UTF8*$!
{
	archiveVersion = 1;
	classes = {
	};
	objectVersion = 56;
	objects = {

/* Begin PBXBuildFile section */
		BD23422E2A5F342C0049B290 /* UIPracticeApp.swift in Sources */ = {isa = PBXBuildFile; fileRef = BD23422D2A5F342C0049B290 /* UIPracticeApp.swift */; };
		BD2342302A5F342C0049B290 /* ContentView.swift in Sources */ = {isa = PBXBuildFile; fileRef = BD23422F2A5F342C0049B290 /* ContentView.swift */; };
		BD2342322A5F342E0049B290 /* Assets.xcassets in Resources */ = {isa = PBXBuildFile; fileRef = BD2342312A5F342E0049B290 /* Assets.xcassets */; };
		BD2342352A5F342E0049B290 /* Preview Assets.xcassets in Resources */ = {isa = PBXBuildFile; fileRef = BD2342342A5F342E0049B290 /* Preview Assets.xcassets */; };
		BD23423F2A5F342E0049B290 /* UIPracticeTests.swift in Sources */ = {isa = PBXBuildFile; fileRef = BD23423E2A5F342E0049B290 /* UIPracticeTests.swift */; };
		BD2342492A5F342E0049B290 /* UIPracticeUITests.swift in Sources */ = {isa = PBXBuildFile; fileRef = BD2342482A5F342E0049B290 /* UIPracticeUITests.swift */; };
		BD23424B2A5F342E0049B290 /* UIPracticeUITestsLaunchTests.swift in Sources */ = {isa = PBXBuildFile; fileRef = BD23424A2A5F342E0049B290 /* UIPracticeUITestsLaunchTests.swift */; };
/* End PBXBuildFile section */

/* Begin PBXContainerItemProxy section */
		BD23423B2A5F342E0049B290 /* PBXContainerItemProxy */ = {
			isa = PBXContainerItemProxy;
			containerPortal = BD2342222A5F342C0049B290 /* Project object */;
			proxyType = 1;
			remoteGlobalIDString = BD2342292A5F342C0049B290;
			remoteInfo = UIPractice;
		};
		BD2342452A5F342E0049B290 /* PBXContainerItemProxy */ = {
			isa = PBXContainerItemProxy;
			containerPortal = BD2342222A5F342C0049B290 /* Project object */;
			proxyType = 1;
			remoteGlobalIDString = BD2342292A5F342C0049B290;
			remoteInfo = UIPractice;
		};
/* End PBXContainerItemProxy section */

/* Begin PBXFileReference section */
		BD23422A2A5F342C0049B290 /* UIPractice.app */ = {isa = PBXFileReference; explicitFileType = wrapper.application; includeInIndex = 0; path = UIPractice.app; sourceTree = BUILT_PRODUCTS_DIR; };
		BD23422D2A5F342C0049B290 /* UIPracticeApp.swift */ = {isa = PBXFileReference; lastKnownFileType = sourcecode.swift; path = UIPracticeApp.swift; sourceTree = "<group>"; };
		BD23422F2A5F342C0049B290 /* ContentView.swift */ = {isa = PBXFileReference; lastKnownFileType = sourcecode.swift; path = ContentView.swift; sourceTree = "<group>"; };
		BD2342312A5F342E0049B290 /* Assets.xcassets */ = {isa = PBXFileReference; lastKnownFileType = folder.assetcatalog; path = Assets.xcassets; sourceTree = "<group>"; };
		BD2342342A5F342E0049B290 /* Preview Assets.xcassets */ = {isa = PBXFileReference; lastKnownFileType = folder.assetcatalog; path = "Preview Assets.xcassets"; sourceTree = "<group>"; };
		BD23423A2A5F342E0049B290 /* UIPracticeTests.xctest */ = {isa = PBXFileReference; explicitFileType = wrapper.cfbundle; includeInIndex = 0; path = UIPracticeTests.xctest; sourceTree = BUILT_PRODUCTS_DIR; };
		BD23423E2A5F342E0049B290 /* UIPracticeTests.swift */ = {isa = PBXFileReference; lastKnownFileType = sourcecode.swift; path = UIPracticeTests.swift; sourceTree = "<group>"; };
		BD2342442A5F342E0049B290 /* UIPracticeUITests.xctest */ = {isa = PBXFileReference; explicitFileType = wrapper.cfbundle; includeInIndex = 0; path = UIPracticeUITests.xctest; sourceTree = BUILT_PRODUCTS_DIR; };
		BD2342482A5F342E0049B290 /* UIPracticeUITests.swift */ = {isa = PBXFileReference; lastKnownFileType = sourcecode.swift; path = UIPracticeUITests.swift; sourceTree = "<group>"; };
		BD23424A2A5F342E0049B290 /* UIPracticeUITestsLaunchTests.swift */ = {isa = PBXFileReference; lastKnownFileType = sourcecode.swift; path = UIPracticeUITestsLaunchTests.swift; sourceTree = "<group>"; };
/* End PBXFileReference section */

/* Begin PBXFrameworksBuildPhase section */
		BD2342272A5F342C0049B290 /* Frameworks */ = {
			isa = PBXFrameworksBuildPhase;
			buildActionMask = 2147483647;
			files = (
			);
			runOnlyForDeploymentPostprocessing = 0;
		};
		BD2342372A5F342E0049B290 /* Frameworks */ = {
			isa = PBXFrameworksBuildPhase;
			buildActionMask = 2147483647;
			files = (
			);
			runOnlyForDeploymentPostprocessing = 0;
		};
		BD2342412A5F342E0049B290 /* Frameworks */ = {
			isa = PBXFrameworksBuildPhase;
			buildActionMask = 2147483647;
			files = (
			);
			runOnlyForDeploymentPostprocessing = 0;
		};
/* End PBXFrameworksBuildPhase section */

/* Begin PBXGroup section */
		BD2342212A5F342C0049B290 = {
			isa = PBXGroup;
			children = (
				BD23422C2A5F342C0049B290 /* UIPractice */,
				BD23423D2A5F342E0049B290 /* UIPracticeTests */,
				BD2342472A5F342E0049B290 /* UIPracticeUITests */,
				BD23422B2A5F342C0049B290 /* Products */,
			);
			sourceTree = "<group>";
		};
		BD23422B2A5F342C0049B290 /* Products */ = {
			isa = PBXGroup;
			children = (
				BD23422A2A5F342C0049B290 /* UIPractice.app */,
				BD23423A2A5F342E0049B290 /* UIPracticeTests.xctest */,
				BD2342442A5F342E0049B290 /* UIPracticeUITests.xctest */,
			);
			name = Products;
			sourceTree = "<group>";
		};
		BD23422C2A5F342C0049B290 /* UIPractice */ = {
			isa = PBXGroup;
			children = (
				BD23422D2A5F342C0049B290 /* UIPracticeApp.swift */,
				BD23422F2A5F342C0049B290 /* ContentView.swift */,
				BD2342312A5F342E0049B290 /* Assets.xcassets */,
				BD2342332A5F342E0049B290 /* Preview Content */,
			);
			path = UIPractice;
			sourceTree = "<group>";
		};
		BD2342332A5F342E0049B290 /* Preview Content */ = {
			isa = PBXGroup;
			children = (
				BD2342342A5F342E0049B290 /* Preview Assets.xcassets */,
			);
			path = "Preview Content";
			sourceTree = "<group>";
		};
		BD23423D2A5F342E0049B290 /* UIPracticeTests */ = {
			isa = PBXGroup;
			children = (
				BD23423E2A5F342E0049B290 /* UIPracticeTests.swift */,
			);
			path = UIPracticeTests;
			sourceTree = "<group>";
		};
		BD2342472A5F342E0049B290 /* UIPracticeUITests */ = {
			isa = PBXGroup;
			children = (
				BD2342482A5F342E0049B290 /* UIPracticeUITests.swift */,
				BD23424A2A5F342E0049B290 /* UIPracticeUITestsLaunchTests.swift */,
			);
			path = UIPracticeUITests;
			sourceTree = "<group>";
		};
/* End PBXGroup section */

/* Begin PBXNativeTarget section */
		BD2342292A5F342C0049B290 /* UIPractice */ = {
			isa = PBXNativeTarget;
			buildConfigurationList = BD23424E2A5F342E0049B290 /* Build configuration list for PBXNativeTarget "UIPractice" */;
			buildPhases = (
				BD2342262A5F342C0049B290 /* Sources */,
				BD2342272A5F342C0049B290 /* Frameworks */,
				BD2342282A5F342C0049B290 /* Resources */,
			);
			buildRules = (
			);
			dependencies = (
			);
			name = UIPractice;
			productName = UIPractice;
			productReference = BD23422A2A5F342C0049B290 /* UIPractice.app */;
			productType = "com.apple.product-type.application";
		};
		BD2342392A5F342E0049B290 /* UIPracticeTests */ = {
			isa = PBXNativeTarget;
			buildConfigurationList = BD2342512A5F342E0049B290 /* Build configuration list for PBXNativeTarget "UIPracticeTests" */;
			buildPhases = (
				BD2342362A5F342E0049B290 /* Sources */,
				BD2342372A5F342E0049B290 /* Frameworks */,
				BD2342382A5F342E0049B290 /* Resources */,
			);
			buildRules = (
			);
			dependencies = (
				BD23423C2A5F342E0049B290 /* PBXTargetDependency */,
			);
			name = UIPracticeTests;
			productName = UIPracticeTests;
			productReference = BD23423A2A5F342E0049B290 /* UIPracticeTests.xctest */;
			productType = "com.apple.product-type.bundle.unit-test";
		};
		BD2342432A5F342E0049B290 /* UIPracticeUITests */ = {
			isa = PBXNativeTarget;
			buildConfigurationList = BD2342542A5F342E0049B290 /* Build configuration list for PBXNativeTarget "UIPracticeUITests" */;
			buildPhases = (
				BD2342402A5F342E0049B290 /* Sources */,
				BD2342412A5F342E0049B290 /* Frameworks */,
				BD2342422A5F342E0049B290 /* Resources */,
			);
			buildRules = (
			);
			dependencies = (
				BD2342462A5F342E0049B290 /* PBXTargetDependency */,
			);
			name = UIPracticeUITests;
			productName = UIPracticeUITests;
			productReference = BD2342442A5F342E0049B290 /* UIPracticeUITests.xctest */;
			productType = "com.apple.product-type.bundle.ui-testing";
		};
/* End PBXNativeTarget section */

/* Begin PBXProject section */
		BD2342222A5F342C0049B290 /* Project object */ = {
			isa = PBXProject;
			attributes = {
				BuildIndependentTargetsInParallel = 1;
				LastSwiftUpdateCheck = 1430;
				LastUpgradeCheck = 1430;
				TargetAttributes = {
					BD2342292A5F342C0049B290 = {
						CreatedOnToolsVersion = 14.3.1;
					};
					BD2342392A5F342E0049B290 = {
						CreatedOnToolsVersion = 14.3.1;
						TestTargetID = BD2342292A5F342C0049B290;
					};
					BD2342432A5F342E0049B290 = {
						CreatedOnToolsVersion = 14.3.1;
						TestTargetID = BD2342292A5F342C0049B290;
					};
				};
			};
			buildConfigurationList = BD2342252A5F342C0049B290 /* Build configuration list for PBXProject "UIPractice" */;
			compatibilityVersion = "Xcode 14.0";
			developmentRegion = en;
			hasScannedForEncodings = 0;
			knownRegions = (
				en,
				Base,
			);
			mainGroup = BD2342212A5F342C0049B290;
			productRefGroup = BD23422B2A5F342C0049B290 /* Products */;
			projectDirPath = "";
			projectRoot = "";
			targets = (
				BD2342292A5F342C0049B290 /* UIPractice */,
				BD2342392A5F342E0049B290 /* UIPracticeTests */,
				BD2342432A5F342E0049B290 /* UIPracticeUITests */,
			);
		};
/* End PBXProject section */

/* Begin PBXResourcesBuildPhase section */
		BD2342282A5F342C0049B290 /* Resources */ = {
			isa = PBXResourcesBuildPhase;
			buildActionMask = 2147483647;
			files = (
				BD2342352A5F342E0049B290 /* Preview Assets.xcassets in Resources */,
				BD2342322A5F342E0049B290 /* Assets.xcassets in Resources */,
			);
			runOnlyForDeploymentPostprocessing = 0;
		};
		BD2342382A5F342E0049B290 /* Resources */ = {
			isa = PBXResourcesBuildPhase;
			buildActionMask = 2147483647;
			files = (
			);
			runOnlyForDeploymentPostprocessing = 0;
		};
		BD2342422A5F342E0049B290 /* Resources */ = {
			isa = PBXResourcesBuildPhase;
			buildActionMask = 2147483647;
			files = (
			);
			runOnlyForDeploymentPostprocessing = 0;
		};
/* End PBXResourcesBuildPhase section */

/* Begin PBXSourcesBuildPhase section */
		BD2342262A5F342C0049B290 /* Sources */ = {
			isa = PBXSourcesBuildPhase;
			buildActionMask = 2147483647;
			files = (
				BD2342302A5F342C0049B290 /* ContentView.swift in Sources */,
				BD23422E2A5F342C0049B290 /* UIPracticeApp.swift in Sources */,
			);
			runOnlyForDeploymentPostprocessing = 0;
		};
		BD2342362A5F342E0049B290 /* Sources */ = {
			isa = PBXSourcesBuildPhase;
			buildActionMask = 2147483647;
			files = (
				BD23423F2A5F342E0049B290 /* UIPracticeTests.swift in Sources */,
			);
			runOnlyForDeploymentPostprocessing = 0;
		};
		BD2342402A5F342E0049B290 /* Sources */ = {
			isa = PBXSourcesBuildPhase;
			buildActionMask = 2147483647;
			files = (
				BD2342492A5F342E0049B290 /* UIPracticeUITests.swift in Sources */,
				BD23424B2A5F342E0049B290 /* UIPracticeUITestsLaunchTests.swift in Sources */,
			);
			runOnlyForDeploymentPostprocessing = 0;
		};
/* End PBXSourcesBuildPhase section */

/* Begin PBXTargetDependency section */
		BD23423C2A5F342E0049B290 /* PBXTargetDependency */ = {
			isa = PBXTargetDependency;
			target = BD2342292A5F342C0049B290 /* UIPractice */;
			targetProxy = BD23423B2A5F342E0049B290 /* PBXContainerItemProxy */;
		};
		BD2342462A5F342E0049B290 /* PBXTargetDependency */ = {
			isa = PBXTargetDependency;
			target = BD2342292A5F342C0049B290 /* UIPractice */;
			targetProxy = BD2342452A5F342E0049B290 /* PBXContainerItemProxy */;
		};
/* End PBXTargetDependency section */

/* Begin XCBuildConfiguration section */
		BD23424C2A5F342E0049B290 /* Debug */ = {
			isa = XCBuildConfiguration;
			buildSettings = {
				ALWAYS_SEARCH_USER_PATHS = NO;
				CLANG_ANALYZER_NONNULL = YES;
				CLANG_ANALYZER_NUMBER_OBJECT_CONVERSION = YES_AGGRESSIVE;
				CLANG_CXX_LANGUAGE_STANDARD = "gnu++20";
				CLANG_ENABLE_MODULES = YES;
				CLANG_ENABLE_OBJC_ARC = YES;
				CLANG_ENABLE_OBJC_WEAK = YES;
				CLANG_WARN_BLOCK_CAPTURE_AUTORELEASING = YES;
				CLANG_WARN_BOOL_CONVERSION = YES;
				CLANG_WARN_COMMA = YES;
				CLANG_WARN_CONSTANT_CONVERSION = YES;
				CLANG_WARN_DEPRECATED_OBJC_IMPLEMENTATIONS = YES;
				CLANG_WARN_DIRECT_OBJC_ISA_USAGE = YES_ERROR;
				CLANG_WARN_DOCUMENTATION_COMMENTS = YES;
				CLANG_WARN_EMPTY_BODY = YES;
				CLANG_WARN_ENUM_CONVERSION = YES;
				CLANG_WARN_INFINITE_RECURSION = YES;
				CLANG_WARN_INT_CONVERSION = YES;
				CLANG_WARN_NON_LITERAL_NULL_CONVERSION = YES;
				CLANG_WARN_OBJC_IMPLICIT_RETAIN_SELF = YES;
				CLANG_WARN_OBJC_LITERAL_CONVERSION = YES;
				CLANG_WARN_OBJC_ROOT_CLASS = YES_ERROR;
				CLANG_WARN_QUOTED_INCLUDE_IN_FRAMEWORK_HEADER = YES;
				CLANG_WARN_RANGE_LOOP_ANALYSIS = YES;
				CLANG_WARN_STRICT_PROTOTYPES = YES;
				CLANG_WARN_SUSPICIOUS_MOVE = YES;
				CLANG_WARN_UNGUARDED_AVAILABILITY = YES_AGGRESSIVE;
				CLANG_WARN_UNREACHABLE_CODE = YES;
				CLANG_WARN__DUPLICATE_METHOD_MATCH = YES;
				COPY_PHASE_STRIP = NO;
				DEBUG_INFORMATION_FORMAT = dwarf;
				ENABLE_STRICT_OBJC_MSGSEND = YES;
				ENABLE_TESTABILITY = YES;
				GCC_C_LANGUAGE_STANDARD = gnu11;
				GCC_DYNAMIC_NO_PIC = NO;
				GCC_NO_COMMON_BLOCKS = YES;
				GCC_OPTIMIZATION_LEVEL = 0;
				GCC_PREPROCESSOR_DEFINITIONS = (
					"DEBUG=1",
					"$(inherited)",
				);
				GCC_WARN_64_TO_32_BIT_CONVERSION = YES;
				GCC_WARN_ABOUT_RETURN_TYPE = YES_ERROR;
				GCC_WARN_UNDECLARED_SELECTOR = YES;
				GCC_WARN_UNINITIALIZED_AUTOS = YES_AGGRESSIVE;
				GCC_WARN_UNUSED_FUNCTION = YES;
				GCC_WARN_UNUSED_VARIABLE = YES;
				IPHONEOS_DEPLOYMENT_TARGET = 16.4;
				MTL_ENABLE_DEBUG_INFO = INCLUDE_SOURCE;
				MTL_FAST_MATH = YES;
				ONLY_ACTIVE_ARCH = YES;
				SDKROOT = iphoneos;
				SWIFT_ACTIVE_COMPILATION_CONDITIONS = DEBUG;
				SWIFT_OPTIMIZATION_LEVEL = "-Onone";
			};
			name = Debug;
		};
		BD23424D2A5F342E0049B290 /* Release */ = {
			isa = XCBuildConfiguration;
			buildSettings = {
				ALWAYS_SEARCH_USER_PATHS = NO;
				CLANG_ANALYZER_NONNULL = YES;
				CLANG_ANALYZER_NUMBER_OBJECT_CONVERSION = YES_AGGRESSIVE;
				CLANG_CXX_LANGUAGE_STANDARD = "gnu++20";
				CLANG_ENABLE_MODULES = YES;
				CLANG_ENABLE_OBJC_ARC = YES;
				CLANG_ENABLE_OBJC_WEAK = YES;
				CLANG_WARN_BLOCK_CAPTURE_AUTORELEASING = YES;
				CLANG_WARN_BOOL_CONVERSION = YES;
				CLANG_WARN_COMMA = YES;
				CLANG_WARN_CONSTANT_CONVERSION = YES;
				CLANG_WARN_DEPRECATED_OBJC_IMPLEMENTATIONS = YES;
				CLANG_WARN_DIRECT_OBJC_ISA_USAGE = YES_ERROR;
				CLANG_WARN_DOCUMENTATION_COMMENTS = YES;
				CLANG_WARN_EMPTY_BODY = YES;
				CLANG_WARN_ENUM_CONVERSION = YES;
				CLANG_WARN_INFINITE_RECURSION = YES;
				CLANG_WARN_INT_CONVERSION = YES;
				CLANG_WARN_NON_LITERAL_NULL_CONVERSION = YES;
				CLANG_WARN_OBJC_IMPLICIT_RETAIN_SELF = YES;
				CLANG_WARN_OBJC_LITERAL_CONVERSION = YES;
				CLANG_WARN_OBJC_ROOT_CLASS = YES_ERROR;
				CLANG_WARN_QUOTED_INCLUDE_IN_FRAMEWORK_HEADER = YES;
				CLANG_WARN_RANGE_LOOP_ANALYSIS = YES;
				CLANG_WARN_STRICT_PROTOTYPES = YES;
				CLANG_WARN_SUSPICIOUS_MOVE = YES;
				CLANG_WARN_UNGUARDED_AVAILABILITY = YES_AGGRESSIVE;
				CLANG_WARN_UNREACHABLE_CODE = YES;
				CLANG_WARN__DUPLICATE_METHOD_MATCH = YES;
				COPY_PHASE_STRIP = NO;
				DEBUG_INFORMATION_FORMAT = "dwarf-with-dsym";
				ENABLE_NS_ASSERTIONS = NO;
				ENABLE_STRICT_OBJC_MSGSEND = YES;
				GCC_C_LANGUAGE_STANDARD = gnu11;
				GCC_NO_COMMON_BLOCKS = YES;
				GCC_WARN_64_TO_32_BIT_CONVERSION = YES;
				GCC_WARN_ABOUT_RETURN_TYPE = YES_ERROR;
				GCC_WARN_UNDECLARED_SELECTOR = YES;
				GCC_WARN_UNINITIALIZED_AUTOS = YES_AGGRESSIVE;
				GCC_WARN_UNUSED_FUNCTION = YES;
				GCC_WARN_UNUSED_VARIABLE = YES;
				IPHONEOS_DEPLOYMENT_TARGET = 16.4;
				MTL_ENABLE_DEBUG_INFO = NO;
				MTL_FAST_MATH = YES;
				SDKROOT = iphoneos;
				SWIFT_COMPILATION_MODE = wholemodule;
				SWIFT_OPTIMIZATION_LEVEL = "-O";
				VALIDATE_PRODUCT = YES;
			};
			name = Release;
		};
		BD23424F2A5F342E0049B290 /* Debug */ = {
			isa = XCBuildConfiguration;
			buildSettings = {
				ASSETCATALOG_COMPILER_APPICON_NAME = AppIcon;
				ASSETCATALOG_COMPILER_GLOBAL_ACCENT_COLOR_NAME = AccentColor;
				CODE_SIGN_STYLE = Automatic;
				CURRENT_PROJECT_VERSION = 1;
				DEVELOPMENT_ASSET_PATHS = "\"UIPractice/Preview Content\"";
				ENABLE_PREVIEWS = YES;
				GENERATE_INFOPLIST_FILE = YES;
				INFOPLIST_KEY_UIApplicationSceneManifest_Generation = YES;
				INFOPLIST_KEY_UIApplicationSupportsIndirectInputEvents = YES;
				INFOPLIST_KEY_UILaunchScreen_Generation = YES;
				INFOPLIST_KEY_UISupportedInterfaceOrientations_iPad = "UIInterfaceOrientationPortrait UIInterfaceOrientationPortraitUpsideDown UIInterfaceOrientationLandscapeLeft UIInterfaceOrientationLandscapeRight";
				INFOPLIST_KEY_UISupportedInterfaceOrientations_iPhone = "UIInterfaceOrientationPortrait UIInterfaceOrientationLandscapeLeft UIInterfaceOrientationLandscapeRight";
				LD_RUNPATH_SEARCH_PATHS = (
					"$(inherited)",
					"@executable_path/Frameworks",
				);
				MARKETING_VERSION = 1.0;
				PRODUCT_BUNDLE_IDENTIFIER = KWK.UIPractice;
				PRODUCT_NAME = "$(TARGET_NAME)";
				SWIFT_EMIT_LOC_STRINGS = YES;
				SWIFT_VERSION = 5.0;
				TARGETED_DEVICE_FAMILY = "1,2";
			};
			name = Debug;
		};
		BD2342502A5F342E0049B290 /* Release */ = {
			isa = XCBuildConfiguration;
			buildSettings = {
				ASSETCATALOG_COMPILER_APPICON_NAME = AppIcon;
				ASSETCATALOG_COMPILER_GLOBAL_ACCENT_COLOR_NAME = AccentColor;
				CODE_SIGN_STYLE = Automatic;
				CURRENT_PROJECT_VERSION = 1;
				DEVELOPMENT_ASSET_PATHS = "\"UIPractice/Preview Content\"";
				ENABLE_PREVIEWS = YES;
				GENERATE_INFOPLIST_FILE = YES;
				INFOPLIST_KEY_UIApplicationSceneManifest_Generation = YES;
				INFOPLIST_KEY_UIApplicationSupportsIndirectInputEvents = YES;
				INFOPLIST_KEY_UILaunchScreen_Generation = YES;
				INFOPLIST_KEY_UISupportedInterfaceOrientations_iPad = "UIInterfaceOrientationPortrait UIInterfaceOrientationPortraitUpsideDown UIInterfaceOrientationLandscapeLeft UIInterfaceOrientationLandscapeRight";
				INFOPLIST_KEY_UISupportedInterfaceOrientations_iPhone = "UIInterfaceOrientationPortrait UIInterfaceOrientationLandscapeLeft UIInterfaceOrientationLandscapeRight";
				LD_RUNPATH_SEARCH_PATHS = (
					"$(inherited)",
					"@executable_path/Frameworks",
				);
				MARKETING_VERSION = 1.0;
				PRODUCT_BUNDLE_IDENTIFIER = KWK.UIPractice;
				PRODUCT_NAME = "$(TARGET_NAME)";
				SWIFT_EMIT_LOC_STRINGS = YES;
				SWIFT_VERSION = 5.0;
				TARGETED_DEVICE_FAMILY = "1,2";
			};
			name = Release;
		};
		BD2342522A5F342E0049B290 /* Debug */ = {
			isa = XCBuildConfiguration;
			buildSettings = {
				ALWAYS_EMBED_SWIFT_STANDARD_LIBRARIES = YES;
				BUNDLE_LOADER = "$(TEST_HOST)";
				CODE_SIGN_STYLE = Automatic;
				CURRENT_PROJECT_VERSION = 1;
				GENERATE_INFOPLIST_FILE = YES;
				IPHONEOS_DEPLOYMENT_TARGET = 16.4;
				MARKETING_VERSION = 1.0;
				PRODUCT_BUNDLE_IDENTIFIER = KWK.UIPracticeTests;
				PRODUCT_NAME = "$(TARGET_NAME)";
				SWIFT_EMIT_LOC_STRINGS = NO;
				SWIFT_VERSION = 5.0;
				TARGETED_DEVICE_FAMILY = "1,2";
				TEST_HOST = "$(BUILT_PRODUCTS_DIR)/UIPractice.app/$(BUNDLE_EXECUTABLE_FOLDER_PATH)/UIPractice";
			};
			name = Debug;
		};
		BD2342532A5F342E0049B290 /* Release */ = {
			isa = XCBuildConfiguration;
			buildSettings = {
				ALWAYS_EMBED_SWIFT_STANDARD_LIBRARIES = YES;
				BUNDLE_LOADER = "$(TEST_HOST)";
				CODE_SIGN_STYLE = Automatic;
				CURRENT_PROJECT_VERSION = 1;
				GENERATE_INFOPLIST_FILE = YES;
				IPHONEOS_DEPLOYMENT_TARGET = 16.4;
				MARKETING_VERSION = 1.0;
				PRODUCT_BUNDLE_IDENTIFIER = KWK.UIPracticeTests;
				PRODUCT_NAME = "$(TARGET_NAME)";
				SWIFT_EMIT_LOC_STRINGS = NO;
				SWIFT_VERSION = 5.0;
				TARGETED_DEVICE_FAMILY = "1,2";
				TEST_HOST = "$(BUILT_PRODUCTS_DIR)/UIPractice.app/$(BUNDLE_EXECUTABLE_FOLDER_PATH)/UIPractice";
			};
			name = Release;
		};
		BD2342552A5F342E0049B290 /* Debug */ = {
			isa = XCBuildConfiguration;
			buildSettings = {
				ALWAYS_EMBED_SWIFT_STANDARD_LIBRARIES = YES;
				CODE_SIGN_STYLE = Automatic;
				CURRENT_PROJECT_VERSION = 1;
				GENERATE_INFOPLIST_FILE = YES;
				MARKETING_VERSION = 1.0;
				PRODUCT_BUNDLE_IDENTIFIER = KWK.UIPracticeUITests;
				PRODUCT_NAME = "$(TARGET_NAME)";
				SWIFT_EMIT_LOC_STRINGS = NO;
				SWIFT_VERSION = 5.0;
				TARGETED_DEVICE_FAMILY = "1,2";
				TEST_TARGET_NAME = UIPractice;
			};
			name = Debug;
		};
		BD2342562A5F342E0049B290 /* Release */ = {
			isa = XCBuildConfiguration;
			buildSettings = {
				ALWAYS_EMBED_SWIFT_STANDARD_LIBRARIES = YES;
				CODE_SIGN_STYLE = Automatic;
				CURRENT_PROJECT_VERSION = 1;
				GENERATE_INFOPLIST_FILE = YES;
				MARKETING_VERSION = 1.0;
				PRODUCT_BUNDLE_IDENTIFIER = KWK.UIPracticeUITests;
				PRODUCT_NAME = "$(TARGET_NAME)";
				SWIFT_EMIT_LOC_STRINGS = NO;
				SWIFT_VERSION = 5.0;
				TARGETED_DEVICE_FAMILY = "1,2";
				TEST_TARGET_NAME = UIPractice;
			};
			name = Release;
		};
/* End XCBuildConfiguration section */

/* Begin XCConfigurationList section */
		BD2342252A5F342C0049B290 /* Build configuration list for PBXProject "UIPractice" */ = {
			isa = XCConfigurationList;
			buildConfigurations = (
				BD23424C2A5F342E0049B290 /* Debug */,
				BD23424D2A5F342E0049B290 /* Release */,
			);
			defaultConfigurationIsVisible = 0;
			defaultConfigurationName = Release;
		};
		BD23424E2A5F342E0049B290 /* Build configuration list for PBXNativeTarget "UIPractice" */ = {
			isa = XCConfigurationList;
			buildConfigurations = (
				BD23424F2A5F342E0049B290 /* Debug */,
				BD2342502A5F342E0049B290 /* Release */,
			);
			defaultConfigurationIsVisible = 0;
			defaultConfigurationName = Release;
		};
		BD2342512A5F342E0049B290 /* Build configuration list for PBXNativeTarget "UIPracticeTests" */ = {
			isa = XCConfigurationList;
			buildConfigurations = (
				BD2342522A5F342E0049B290 /* Debug */,
				BD2342532A5F342E0049B290 /* Release */,
			);
			defaultConfigurationIsVisible = 0;
			defaultConfigurationName = Release;
		};
		BD2342542A5F342E0049B290 /* Build configuration list for PBXNativeTarget "UIPracticeUITests" */ = {
			isa = XCConfigurationList;
			buildConfigurations = (
				BD2342552A5F342E0049B290 /* Debug */,
				BD2342562A5F342E0049B290 /* Release */,
			);
			defaultConfigurationIsVisible = 0;
			defaultConfigurationName = Release;
		};
/* End XCConfigurationList section */
	};
	rootObject = BD2342222A5F342C0049B290 /* Project object */;
}
